hash: d0aa0df2a29dc26caac1b42266273b3e09c2b8b40ed4cc952881f515b01aabf0
updated: 2016-11-08T22:54:58.173867289+09:00
imports:
- name: cloud.google.com/go
  version: 8c2dc6124f184bbfc2f13949476cb98e12bda2bb
- name: github.com/gin-gonic/gin
  version: 2dae550eb5392006a4582ce9c90016a9b5a74e8b
  subpackages:
  - binding
  - render
- name: github.com/golang/protobuf
  version: 2402d76f3d41f928c7902a765dfc872356dd3aad
  subpackages:
  - proto
- name: github.com/joho/godotenv
  version: a01a834e1654b4c9ca5b3ad05159445cc9c7ad08
- name: github.com/manucorporat/sse
  version: ee05b128a739a0fb76c7ebd3ae4810c1de808d6d
- name: golang.org/x/net
  version: f315505cf3349909cdf013ea56690da34e96a451
  subpackages:
  - context
- name: gopkg.in/go-playground/validator.v8
  version: c193cecd124b5cc722d7ee5538e945bdb3348435
- name: gopkg.in/yaml.v2
  version: a5b47d31c556af34a302ce5d659e6fea44d90de0
testImports: []
