hash: e5efc1910309ee7795b94016c6206b7a00c0c008d6f402eddf48de4f030f142f
updated: 2016-11-08T12:23:35.080470466+09:00
imports:
- name: github.com/gorilla/context
  version: 1ea25387ff6f684839d82767c1733ff4d4d15d0a
- name: github.com/gorilla/mux
  version: 0eeaf8392f5b04950925b8a69fe70f110fa7cbfc
testImports: []
